// !$*UTF8*$!
{
	archiveVersion = 1;
	classes = {
	};
	objectVersion = 46;
	objects = {

/* Begin PBXBuildFile section */
		A648D46B1E86DDDA005C0348 /* EndOfGameController.swift in Sources */ = {isa = PBXBuildFile; fileRef = A648D46A1E86DDDA005C0348 /* EndOfGameController.swift */; };
		A66A98D91E8579CD001B013D /* WebViewController.swift in Sources */ = {isa = PBXBuildFile; fileRef = A66A98D81E8579CD001B013D /* WebViewController.swift */; };
		A672F2A31E804478007C9FA2 /* AppDelegate.swift in Sources */ = {isa = PBXBuildFile; fileRef = A672F2A21E804478007C9FA2 /* AppDelegate.swift */; };
		A672F2A51E804478007C9FA2 /* ViewController.swift in Sources */ = {isa = PBXBuildFile; fileRef = A672F2A41E804478007C9FA2 /* ViewController.swift */; };
		A672F2A81E804478007C9FA2 /* Main.storyboard in Resources */ = {isa = PBXBuildFile; fileRef = A672F2A61E804478007C9FA2 /* Main.storyboard */; };
		A672F2AA1E804478007C9FA2 /* Assets.xcassets in Resources */ = {isa = PBXBuildFile; fileRef = A672F2A91E804478007C9FA2 /* Assets.xcassets */; };
		A672F2AD1E804478007C9FA2 /* LaunchScreen.storyboard in Resources */ = {isa = PBXBuildFile; fileRef = A672F2AB1E804478007C9FA2 /* LaunchScreen.storyboard */; };
		A672F2DD1E807CC1007C9FA2 /* EventsGenerator.swift in Sources */ = {isa = PBXBuildFile; fileRef = A672F2DC1E807CC1007C9FA2 /* EventsGenerator.swift */; };
/* End PBXBuildFile section */

/* Begin PBXFileReference section */
		A648D46A1E86DDDA005C0348 /* EndOfGameController.swift */ = {isa = PBXFileReference; fileEncoding = 4; lastKnownFileType = sourcecode.swift; path = EndOfGameController.swift; sourceTree = "<group>"; };
		A66A98D81E8579CD001B013D /* WebViewController.swift */ = {isa = PBXFileReference; fileEncoding = 4; lastKnownFileType = sourcecode.swift; name = WebViewController.swift; path = ../WebViewController.swift; sourceTree = "<group>"; };
		A672F29F1E804478007C9FA2 /* Bout Time.app */ = {isa = PBXFileReference; explicitFileType = wrapper.application; includeInIndex = 0; path = "Bout Time.app"; sourceTree = BUILT_PRODUCTS_DIR; };
		A672F2A21E804478007C9FA2 /* AppDelegate.swift */ = {isa = PBXFileReference; lastKnownFileType = sourcecode.swift; path = AppDelegate.swift; sourceTree = "<group>"; };
		A672F2A41E804478007C9FA2 /* ViewController.swift */ = {isa = PBXFileReference; lastKnownFileType = sourcecode.swift; path = ViewController.swift; sourceTree = "<group>"; };
		A672F2A71E804478007C9FA2 /* Base */ = {isa = PBXFileReference; lastKnownFileType = file.storyboard; name = Base; path = Base.lproj/Main.storyboard; sourceTree = "<group>"; };
		A672F2A91E804478007C9FA2 /* Assets.xcassets */ = {isa = PBXFileReference; lastKnownFileType = folder.assetcatalog; path = Assets.xcassets; sourceTree = "<group>"; };
		A672F2AC1E804478007C9FA2 /* Base */ = {isa = PBXFileReference; lastKnownFileType = file.storyboard; name = Base; path = Base.lproj/LaunchScreen.storyboard; sourceTree = "<group>"; };
		A672F2AE1E804478007C9FA2 /* Info.plist */ = {isa = PBXFileReference; lastKnownFileType = text.plist.xml; path = Info.plist; sourceTree = "<group>"; };
		A672F2DC1E807CC1007C9FA2 /* EventsGenerator.swift */ = {isa = PBXFileReference; fileEncoding = 4; lastKnownFileType = sourcecode.swift; path = EventsGenerator.swift; sourceTree = "<group>"; };
/* End PBXFileReference section */

/* Begin PBXFrameworksBuildPhase section */
		A672F29C1E804478007C9FA2 /* Frameworks */ = {
			isa = PBXFrameworksBuildPhase;
			buildActionMask = 2147483647;
			files = (
			);
			runOnlyForDeploymentPostprocessing = 0;
		};
/* End PBXFrameworksBuildPhase section */

/* Begin PBXGroup section */
		A672F2961E804478007C9FA2 = {
			isa = PBXGroup;
			children = (
				A672F2A11E804478007C9FA2 /* Bout Time */,
				A672F2A01E804478007C9FA2 /* Products */,
			);
			sourceTree = "<group>";
		};
		A672F2A01E804478007C9FA2 /* Products */ = {
			isa = PBXGroup;
			children = (
				A672F29F1E804478007C9FA2 /* Bout Time.app */,
			);
			name = Products;
			sourceTree = "<group>";
		};
		A672F2A11E804478007C9FA2 /* Bout Time */ = {
			isa = PBXGroup;
			children = (
				A672F2A21E804478007C9FA2 /* AppDelegate.swift */,
				A672F2A41E804478007C9FA2 /* ViewController.swift */,
				A66A98D81E8579CD001B013D /* WebViewController.swift */,
				A648D46A1E86DDDA005C0348 /* EndOfGameController.swift */,
				A672F2A61E804478007C9FA2 /* Main.storyboard */,
				A672F2DC1E807CC1007C9FA2 /* EventsGenerator.swift */,
				A672F2A91E804478007C9FA2 /* Assets.xcassets */,
				A672F2AB1E804478007C9FA2 /* LaunchScreen.storyboard */,
				A672F2AE1E804478007C9FA2 /* Info.plist */,
			);
			path = "Bout Time";
			sourceTree = "<group>";
		};
/* End PBXGroup section */

/* Begin PBXNativeTarget section */
		A672F29E1E804478007C9FA2 /* Bout Time */ = {
			isa = PBXNativeTarget;
			buildConfigurationList = A672F2B11E804478007C9FA2 /* Build configuration list for PBXNativeTarget "Bout Time" */;
			buildPhases = (
				A672F29B1E804478007C9FA2 /* Sources */,
				A672F29C1E804478007C9FA2 /* Frameworks */,
				A672F29D1E804478007C9FA2 /* Resources */,
			);
			buildRules = (
			);
			dependencies = (
			);
			name = "Bout Time";
			productName = "Bout Time";
			productReference = A672F29F1E804478007C9FA2 /* Bout Time.app */;
			productType = "com.apple.product-type.application";
		};
/* End PBXNativeTarget section */

/* Begin PBXProject section */
		A672F2971E804478007C9FA2 /* Project object */ = {
			isa = PBXProject;
			attributes = {
				LastSwiftUpdateCheck = 0820;
				LastUpgradeCheck = 0820;
				ORGANIZATIONNAME = "Taylor Smith";
				TargetAttributes = {
					A672F29E1E804478007C9FA2 = {
						CreatedOnToolsVersion = 8.2.1;
						DevelopmentTeam = KNEDT6Y55K;
						ProvisioningStyle = Automatic;
					};
				};
			};
			buildConfigurationList = A672F29A1E804478007C9FA2 /* Build configuration list for PBXProject "Bout Time" */;
			compatibilityVersion = "Xcode 3.2";
			developmentRegion = English;
			hasScannedForEncodings = 0;
			knownRegions = (
				en,
				Base,
			);
			mainGroup = A672F2961E804478007C9FA2;
			productRefGroup = A672F2A01E804478007C9FA2 /* Products */;
			projectDirPath = "";
			projectRoot = "";
			targets = (
				A672F29E1E804478007C9FA2 /* Bout Time */,
			);
		};
/* End PBXProject section */

/* Begin PBXResourcesBuildPhase section */
		A672F29D1E804478007C9FA2 /* Resources */ = {
			isa = PBXResourcesBuildPhase;
			buildActionMask = 2147483647;
			files = (
				A672F2AD1E804478007C9FA2 /* LaunchScreen.storyboard in Resources */,
				A672F2AA1E804478007C9FA2 /* Assets.xcassets in Resources */,
				A672F2A81E804478007C9FA2 /* Main.storyboard in Resources */,
			);
			runOnlyForDeploymentPostprocessing = 0;
		};
/* End PBXResourcesBuildPhase section */

/* Begin PBXSourcesBuildPhase section */
		A672F29B1E804478007C9FA2 /* Sources */ = {
			isa = PBXSourcesBuildPhase;
			buildActionMask = 2147483647;
			files = (
				A672F2A51E804478007C9FA2 /* ViewController.swift in Sources */,
				A672F2A31E804478007C9FA2 /* AppDelegate.swift in Sources */,
				A672F2DD1E807CC1007C9FA2 /* EventsGenerator.swift in Sources */,
				A648D46B1E86DDDA005C0348 /* EndOfGameController.swift in Sources */,
				A66A98D91E8579CD001B013D /* WebViewController.swift in Sources */,
			);
			runOnlyForDeploymentPostprocessing = 0;
		};
/* End PBXSourcesBuildPhase section */

/* Begin PBXVariantGroup section */
		A672F2A61E804478007C9FA2 /* Main.storyboard */ = {
			isa = PBXVariantGroup;
			children = (
				A672F2A71E804478007C9FA2 /* Base */,
			);
			name = Main.storyboard;
			sourceTree = "<group>";
		};
		A672F2AB1E804478007C9FA2 /* LaunchScreen.storyboard */ = {
			isa = PBXVariantGroup;
			children = (
				A672F2AC1E804478007C9FA2 /* Base */,
			);
			name = LaunchScreen.storyboard;
			sourceTree = "<group>";
		};
/* End PBXVariantGroup section */

/* Begin XCBuildConfiguration section */
		A672F2AF1E804478007C9FA2 /* Debug */ = {
			isa = XCBuildConfiguration;
			buildSettings = {
				ALWAYS_SEARCH_USER_PATHS = NO;
				CLANG_ANALYZER_NONNULL = YES;
				CLANG_CXX_LANGUAGE_STANDARD = "gnu++0x";
				CLANG_CXX_LIBRARY = "libc++";
				CLANG_ENABLE_MODULES = YES;
				CLANG_ENABLE_OBJC_ARC = YES;
				CLANG_WARN_BOOL_CONVERSION = YES;
				CLANG_WARN_CONSTANT_CONVERSION = YES;
				CLANG_WARN_DIRECT_OBJC_ISA_USAGE = YES_ERROR;
				CLANG_WARN_DOCUMENTATION_COMMENTS = YES;
				CLANG_WARN_EMPTY_BODY = YES;
				CLANG_WARN_ENUM_CONVERSION = YES;
				CLANG_WARN_INFINITE_RECURSION = YES;
				CLANG_WARN_INT_CONVERSION = YES;
				CLANG_WARN_OBJC_ROOT_CLASS = YES_ERROR;
				CLANG_WARN_SUSPICIOUS_MOVE = YES;
				CLANG_WARN_UNREACHABLE_CODE = YES;
				CLANG_WARN__DUPLICATE_METHOD_MATCH = YES;
				"CODE_SIGN_IDENTITY[sdk=iphoneos*]" = "iPhone Developer";
				COPY_PHASE_STRIP = NO;
				DEBUG_INFORMATION_FORMAT = dwarf;
				ENABLE_STRICT_OBJC_MSGSEND = YES;
				ENABLE_TESTABILITY = YES;
				GCC_C_LANGUAGE_STANDARD = gnu99;
				GCC_DYNAMIC_NO_PIC = NO;
				GCC_NO_COMMON_BLOCKS = YES;
				GCC_OPTIMIZATION_LEVEL = 0;
				GCC_PREPROCESSOR_DEFINITIONS = (
					"DEBUG=1",
					"$(inherited)",
				);
				GCC_WARN_64_TO_32_BIT_CONVERSION = YES;
				GCC_WARN_ABOUT_RETURN_TYPE = YES_ERROR;
				GCC_WARN_UNDECLARED_SELECTOR = YES;
				GCC_WARN_UNINITIALIZED_AUTOS = YES_AGGRESSIVE;
				GCC_WARN_UNUSED_FUNCTION = YES;
				GCC_WARN_UNUSED_VARIABLE = YES;
				IPHONEOS_DEPLOYMENT_TARGET = 10.2;
				MTL_ENABLE_DEBUG_INFO = YES;
				ONLY_ACTIVE_ARCH = YES;
				SDKROOT = iphoneos;
				SWIFT_ACTIVE_COMPILATION_CONDITIONS = DEBUG;
				SWIFT_OPTIMIZATION_LEVEL = "-Onone";
			};
			name = Debug;
		};
		A672F2B01E804478007C9FA2 /* Release */ = {
			isa = XCBuildConfiguration;
			buildSettings = {
				ALWAYS_SEARCH_USER_PATHS = NO;
				CLANG_ANALYZER_NONNULL = YES;
				CLANG_CXX_LANGUAGE_STANDARD = "gnu++0x";
				CLANG_CXX_LIBRARY = "libc++";
				CLANG_ENABLE_MODULES = YES;
				CLANG_ENABLE_OBJC_ARC = YES;
				CLANG_WARN_BOOL_CONVERSION = YES;
				CLANG_WARN_CONSTANT_CONVERSION = YES;
				CLANG_WARN_DIRECT_OBJC_ISA_USAGE = YES_ERROR;
				CLANG_WARN_DOCUMENTATION_COMMENTS = YES;
				CLANG_WARN_EMPTY_BODY = YES;
				CLANG_WARN_ENUM_CONVERSION = YES;
				CLANG_WARN_INFINITE_RECURSION = YES;
				CLANG_WARN_INT_CONVERSION = YES;
				CLANG_WARN_OBJC_ROOT_CLASS = YES_ERROR;
				CLANG_WARN_SUSPICIOUS_MOVE = YES;
				CLANG_WARN_UNREACHABLE_CODE = YES;
				CLANG_WARN__DUPLICATE_METHOD_MATCH = YES;
				"CODE_SIGN_IDENTITY[sdk=iphoneos*]" = "iPhone Developer";
				COPY_PHASE_STRIP = NO;
				DEBUG_INFORMATION_FORMAT = "dwarf-with-dsym";
				ENABLE_NS_ASSERTIONS = NO;
				ENABLE_STRICT_OBJC_MSGSEND = YES;
				GCC_C_LANGUAGE_STANDARD = gnu99;
				GCC_NO_COMMON_BLOCKS = YES;
				GCC_WARN_64_TO_32_BIT_CONVERSION = YES;
				GCC_WARN_ABOUT_RETURN_TYPE = YES_ERROR;
				GCC_WARN_UNDECLARED_SELECTOR = YES;
				GCC_WARN_UNINITIALIZED_AUTOS = YES_AGGRESSIVE;
				GCC_WARN_UNUSED_FUNCTION = YES;
				GCC_WARN_UNUSED_VARIABLE = YES;
				IPHONEOS_DEPLOYMENT_TARGET = 10.2;
				MTL_ENABLE_DEBUG_INFO = NO;
				SDKROOT = iphoneos;
				SWIFT_OPTIMIZATION_LEVEL = "-Owholemodule";
				VALIDATE_PRODUCT = YES;
			};
			name = Release;
		};
		A672F2B21E804478007C9FA2 /* Debug */ = {
			isa = XCBuildConfiguration;
			buildSettings = {
				ASSETCATALOG_COMPILER_APPICON_NAME = AppIcon;
				DEVELOPMENT_TEAM = KNEDT6Y55K;
				INFOPLIST_FILE = "Bout Time/Info.plist";
				LD_RUNPATH_SEARCH_PATHS = "$(inherited) @executable_path/Frameworks";
				PRODUCT_BUNDLE_IDENTIFIER = "com.TaylorSmith.Bout-Time";
				PRODUCT_NAME = "$(TARGET_NAME)";
				SWIFT_VERSION = 3.0;
			};
			name = Debug;
		};
		A672F2B31E804478007C9FA2 /* Release */ = {
			isa = XCBuildConfiguration;
			buildSettings = {
				ASSETCATALOG_COMPILER_APPICON_NAME = AppIcon;
				DEVELOPMENT_TEAM = KNEDT6Y55K;
				INFOPLIST_FILE = "Bout Time/Info.plist";
				LD_RUNPATH_SEARCH_PATHS = "$(inherited) @executable_path/Frameworks";
				PRODUCT_BUNDLE_IDENTIFIER = "com.TaylorSmith.Bout-Time";
				PRODUCT_NAME = "$(TARGET_NAME)";
				SWIFT_VERSION = 3.0;
			};
			name = Release;
		};
/* End XCBuildConfiguration section */

/* Begin XCConfigurationList section */
		A672F29A1E804478007C9FA2 /* Build configuration list for PBXProject "Bout Time" */ = {
			isa = XCConfigurationList;
			buildConfigurations = (
				A672F2AF1E804478007C9FA2 /* Debug */,
				A672F2B01E804478007C9FA2 /* Release */,
			);
			defaultConfigurationIsVisible = 0;
			defaultConfigurationName = Release;
		};
		A672F2B11E804478007C9FA2 /* Build configuration list for PBXNativeTarget "Bout Time" */ = {
			isa = XCConfigurationList;
			buildConfigurations = (
				A672F2B21E804478007C9FA2 /* Debug */,
				A672F2B31E804478007C9FA2 /* Release */,
			);
			defaultConfigurationIsVisible = 0;
			defaultConfigurationName = Release;
		};
/* End XCConfigurationList section */
	};
	rootObject = A672F2971E804478007C9FA2 /* Project object */;
}
